{
  "name": "@tc39/tcq-shared",
  "version": "1.0.0",
  "lockfileVersion": 2,
  "requires": true,
  "packages": {
    "": {
      "name": "@tc39/tcq-shared",
      "version": "1.0.0",
      "license": "ISC",
      "dependencies": {
        "strict-event-emitter-types": "^1.2.0"
      }
    },
    "node_modules/strict-event-emitter-types": {
      "version": "1.2.0",
      "resolved": "https://registry.npmjs.org/strict-event-emitter-types/-/strict-event-emitter-types-1.2.0.tgz",
      "integrity": "sha512-KqQQvQapOVn99SI/L6tEnW2mDXWddzlr+D1AAmiaXqI7Annq2hbfac8XnZzZHXOV50dCKtUsw1OCNjCezFHAMw=="
    }
  },
  "dependencies": {
    "strict-event-emitter-types": {
      "version": "1.2.0",
      "resolved": "https://registry.npmjs.org/strict-event-emitter-types/-/strict-event-emitter-types-1.2.0.tgz",
      "integrity": "sha512-KqQQvQapOVn99SI/L6tEnW2mDXWddzlr+D1AAmiaXqI7Annq2hbfac8XnZzZHXOV50dCKtUsw1OCNjCezFHAMw=="
    }
  }
}
